
Microsoft Visual Studio Solution File, Format Version 12.00
# Visual Studio Version 16
VisualStudioVersion = 25.0.1705.0
MinimumVisualStudioVersion = 10.0.40219.1
Project("{FAE04EC0-301F-11D3-BF4B-00C04F79EFBC}") = "Lab 6 Newtonsoft", "Lab 6 Newtonsoft\Lab 6 Newtonsoft.csproj", "{C3B64A2C-B839-492F-ACB9-F24AEB4DD9CA}"
EndProject
Global
	GlobalSection(SolutionConfigurationPlatforms) = preSolution
		Debug|Any CPU = Debug|Any CPU
		Release|Any CPU = Release|Any CPU
	EndGlobalSection
	GlobalSection(ProjectConfigurationPlatforms) = postSolution
		{C3B64A2C-B839-492F-ACB9-F24AEB4DD9CA}.Debug|Any CPU.ActiveCfg = Debug|Any CPU
		{C3B64A2C-B839-492F-ACB9-F24AEB4DD9CA}.Debug|Any CPU.Build.0 = Debug|Any CPU
		{C3B64A2C-B839-492F-ACB9-F24AEB4DD9CA}.Release|Any CPU.ActiveCfg = Release|Any CPU
		{C3B64A2C-B839-492F-ACB9-F24AEB4DD9CA}.Release|Any CPU.Build.0 = Release|Any CPU
	EndGlobalSection
	GlobalSection(SolutionProperties) = preSolution
		HideSolutionNode = FALSE
	EndGlobalSection
	GlobalSection(ExtensibilityGlobals) = postSolution
		SolutionGuid = {A3742296-710A-4B41-9F8D-F02360A78144}
	EndGlobalSection
EndGlobal
